
Microsoft Visual Studio Solution File, Format Version 12.00
# Visual Studio 15
VisualStudioVersion = 15.0.28307.489
MinimumVisualStudioVersion = 10.0.40219.1
Project("{FAE04EC0-301F-11D3-BF4B-00C04F79EFBC}") = "TableTopGame", "TableTopGame\TableTopGame.csproj", "{C9B4EE6E-2F8F-4681-8C4A-0863FEEDC157}"
EndProject
Global
	GlobalSection(SolutionConfigurationPlatforms) = preSolution
		Debug|Any CPU = Debug|Any CPU
		Release|Any CPU = Release|Any CPU
	EndGlobalSection
	GlobalSection(ProjectConfigurationPlatforms) = postSolution
		{C9B4EE6E-2F8F-4681-8C4A-0863FEEDC157}.Debug|Any CPU.ActiveCfg = Debug|Any CPU
		{C9B4EE6E-2F8F-4681-8C4A-0863FEEDC157}.Debug|Any CPU.Build.0 = Debug|Any CPU
		{C9B4EE6E-2F8F-4681-8C4A-0863FEEDC157}.Release|Any CPU.ActiveCfg = Release|Any CPU
		{C9B4EE6E-2F8F-4681-8C4A-0863FEEDC157}.Release|Any CPU.Build.0 = Release|Any CPU
	EndGlobalSection
	GlobalSection(SolutionProperties) = preSolution
		HideSolutionNode = FALSE
	EndGlobalSection
	GlobalSection(ExtensibilityGlobals) = postSolution
		SolutionGuid = {CC9DE762-82B8-47E4-BE3E-F4C5D300D6A1}
	EndGlobalSection
EndGlobal
